
Microsoft Visual Studio Solution File, Format Version 12.00
# Visual Studio Version 16
VisualStudioVersion = 16.0.29709.97
MinimumVisualStudioVersion = 10.0.40219.1
Project("{FAE04EC0-301F-11D3-BF4B-00C04F79EFBC}") = "SVNCodePackageExport", "SVNCodePackageExport.csproj", "{A535FFD5-7492-4BC7-AAC6-FBFDF04CC746}"
EndProject
Global
	GlobalSection(SolutionConfigurationPlatforms) = preSolution
		Debug|Any CPU = Debug|Any CPU
		Release|Any CPU = Release|Any CPU
	EndGlobalSection
	GlobalSection(ProjectConfigurationPlatforms) = postSolution
		{A535FFD5-7492-4BC7-AAC6-FBFDF04CC746}.Debug|Any CPU.ActiveCfg = Debug|Any CPU
		{A535FFD5-7492-4BC7-AAC6-FBFDF04CC746}.Debug|Any CPU.Build.0 = Debug|Any CPU
		{A535FFD5-7492-4BC7-AAC6-FBFDF04CC746}.Release|Any CPU.ActiveCfg = Release|Any CPU
		{A535FFD5-7492-4BC7-AAC6-FBFDF04CC746}.Release|Any CPU.Build.0 = Release|Any CPU
	EndGlobalSection
	GlobalSection(SolutionProperties) = preSolution
		HideSolutionNode = FALSE
	EndGlobalSection
	GlobalSection(ExtensibilityGlobals) = postSolution
		SolutionGuid = {C50AE97F-9A8A-4654-B843-47B8408329C7}
	EndGlobalSection
EndGlobal
